{
  "version": 4,
  "terraform_version": "1.1.7",
  "serial": 12,
  "lineage": "4ff673e1-08d0-644f-414d-6f02e617233b",
  "outputs": {},
  "resources": [
    {
      "mode": "managed",
      "type": "azurerm_resource_group",
      "name": "rg",
      "provider": "provider[\"registry.terraform.io/hashicorp/azurerm\"]",
      "instances": [
        {
          "schema_version": 0,
          "attributes": {
            "id": "/subscriptions/a334913d-52be-4a66-9c85-c23d324393f0/resourceGroups/battleship_terraform_rg",
            "location": "westeurope",
            "name": "battleship_terraform_rg",
            "tags": {},
            "timeouts": null
          },
          "sensitive_attributes": [],
          "private": "eyJlMmJmYjczMC1lY2FhLTExZTYtOGY4OC0zNDM2M2JjN2M0YzAiOnsiY3JlYXRlIjo1NDAwMDAwMDAwMDAwLCJkZWxldGUiOjU0MDAwMDAwMDAwMDAsInJlYWQiOjMwMDAwMDAwMDAwMCwidXBkYXRlIjo1NDAwMDAwMDAwMDAwfX0="
        }
      ]
    },
    {
      "mode": "managed",
      "type": "azurerm_static_site",
      "name": "battleship_static_site",
      "provider": "provider[\"registry.terraform.io/hashicorp/azurerm\"]",
      "instances": [
        {
          "schema_version": 0,
          "attributes": {
            "api_key": "a1805eef1c627369f9468ab3569ca4b30c7b13c0c00280675d64fa2a8635ad4d1-e80e93ae-1a7a-42ac-b2bd-a3f2ebd1374e00371775",
            "default_host_name": "nice-coast-04f273403.1.azurestaticapps.net",
            "id": "/subscriptions/a334913d-52be-4a66-9c85-c23d324393f0/resourceGroups/battleship_terraform_rg/providers/Microsoft.Web/staticSites/battleship-static-site",
            "identity": [],
            "location": "westeurope",
            "name": "battleship-static-site",
            "resource_group_name": "battleship_terraform_rg",
            "sku_size": "Free",
            "sku_tier": "Free",
            "tags": {},
            "timeouts": null
          },
          "sensitive_attributes": [],
          "private": "eyJlMmJmYjczMC1lY2FhLTExZTYtOGY4OC0zNDM2M2JjN2M0YzAiOnsiY3JlYXRlIjoxODAwMDAwMDAwMDAwLCJkZWxldGUiOjE4MDAwMDAwMDAwMDAsInJlYWQiOjMwMDAwMDAwMDAwMCwidXBkYXRlIjoxODAwMDAwMDAwMDAwfX0=",
          "dependencies": [
            "azurerm_resource_group.rg"
          ]
        }
      ]
    }
  ]
}
